
Microsoft Visual Studio Solution File, Format Version 12.00
# Visual Studio Version 17
VisualStudioVersion = 17.7.34003.232
MinimumVisualStudioVersion = 10.0.40219.1
Project("{9A19103F-16F7-4668-BE54-9A1E7A4F7556}") = "BethanysPieShop", "BethanysPieShop.csproj", "{1A90198B-8FD8-46B8-BB42-E2E0636A84F1}"
EndProject
Project("{FAE04EC0-301F-11D3-BF4B-00C04F79EFBC}") = "BethanysPieShopUnitTests", "..\BethanysPieShopUnitTests\BethanysPieShopUnitTests.csproj", "{9C2280A5-F44A-4B6A-A8BF-EA3DB435DC91}"
EndProject
Global
	GlobalSection(SolutionConfigurationPlatforms) = preSolution
		Debug|Any CPU = Debug|Any CPU
		Release|Any CPU = Release|Any CPU
	EndGlobalSection
	GlobalSection(ProjectConfigurationPlatforms) = postSolution
		{1A90198B-8FD8-46B8-BB42-E2E0636A84F1}.Debug|Any CPU.ActiveCfg = Debug|Any CPU
		{1A90198B-8FD8-46B8-BB42-E2E0636A84F1}.Debug|Any CPU.Build.0 = Debug|Any CPU
		{1A90198B-8FD8-46B8-BB42-E2E0636A84F1}.Release|Any CPU.ActiveCfg = Release|Any CPU
		{1A90198B-8FD8-46B8-BB42-E2E0636A84F1}.Release|Any CPU.Build.0 = Release|Any CPU
		{9C2280A5-F44A-4B6A-A8BF-EA3DB435DC91}.Debug|Any CPU.ActiveCfg = Debug|Any CPU
		{9C2280A5-F44A-4B6A-A8BF-EA3DB435DC91}.Debug|Any CPU.Build.0 = Debug|Any CPU
		{9C2280A5-F44A-4B6A-A8BF-EA3DB435DC91}.Release|Any CPU.ActiveCfg = Release|Any CPU
		{9C2280A5-F44A-4B6A-A8BF-EA3DB435DC91}.Release|Any CPU.Build.0 = Release|Any CPU
	EndGlobalSection
	GlobalSection(SolutionProperties) = preSolution
		HideSolutionNode = FALSE
	EndGlobalSection
	GlobalSection(ExtensibilityGlobals) = postSolution
		SolutionGuid = {C5DF26D6-4108-4EDD-8352-3CB1F3092535}
	EndGlobalSection
EndGlobal
